
Microsoft Visual Studio Solution File, Format Version 12.00
# Visual Studio Version 16
VisualStudioVersion = 16.0.30907.101
MinimumVisualStudioVersion = 10.0.40219.1
Project("{FAE04EC0-301F-11D3-BF4B-00C04F79EFBC}") = "PovarenokApp", "PovarenokApp\PovarenokApp.csproj", "{367EFC12-DD56-43E7-A335-D73589C16845}"
EndProject
Global
	GlobalSection(SolutionConfigurationPlatforms) = preSolution
		Debug|Any CPU = Debug|Any CPU
		Release|Any CPU = Release|Any CPU
	EndGlobalSection
	GlobalSection(ProjectConfigurationPlatforms) = postSolution
		{367EFC12-DD56-43E7-A335-D73589C16845}.Debug|Any CPU.ActiveCfg = Debug|Any CPU
		{367EFC12-DD56-43E7-A335-D73589C16845}.Debug|Any CPU.Build.0 = Debug|Any CPU
		{367EFC12-DD56-43E7-A335-D73589C16845}.Release|Any CPU.ActiveCfg = Release|Any CPU
		{367EFC12-DD56-43E7-A335-D73589C16845}.Release|Any CPU.Build.0 = Release|Any CPU
	EndGlobalSection
	GlobalSection(SolutionProperties) = preSolution
		HideSolutionNode = FALSE
	EndGlobalSection
	GlobalSection(ExtensibilityGlobals) = postSolution
		SolutionGuid = {F9D2EE7F-DBC8-4DF2-A2A8-9726D389870A}
	EndGlobalSection
EndGlobal
